{
  "name": "nodearima",
  "version": "1.0.0",
  "lockfileVersion": 1,
  "requires": true,
  "dependencies": {
    "arima": {
      "version": "0.0.2",
      "resolved": "https://registry.npmjs.org/arima/-/arima-0.0.2.tgz",
      "integrity": "sha512-5o5QGcXpM6JQGIUvCM4l82QS3isye6LNNgwEVpbPo2cG+Wdr3vfpWBYyHTqSisKMSfari20wweUO0sMA/Xy5yg=="
    }
  }
}
